
Microsoft Visual Studio Solution File, Format Version 12.00
# Visual Studio Version 17
VisualStudioVersion = 17.9.34622.214
MinimumVisualStudioVersion = 10.0.40219.1
Project("{9A19103F-16F7-4668-BE54-9A1E7A4F7556}") = "Buoi6.DAL", "Buoi6.DAL\Buoi6.DAL.csproj", "{6322D026-3BFD-40A9-8237-F822C477AE4B}"
EndProject
Project("{9A19103F-16F7-4668-BE54-9A1E7A4F7556}") = "Buoi6.BLL", "Buoi6.BLL\Buoi6.BLL.csproj", "{90602CA5-2F25-4D36-B6C9-5B3821F2040E}"
EndProject
Project("{FAE04EC0-301F-11D3-BF4B-00C04F79EFBC}") = "Buoi6.GUI", "Buoi6.GUI\Buoi6.GUI.csproj", "{79D17886-43F8-41FB-B33D-FABA3CA5D600}"
EndProject
Global
	GlobalSection(SolutionConfigurationPlatforms) = preSolution
		Debug|Any CPU = Debug|Any CPU
		Release|Any CPU = Release|Any CPU
	EndGlobalSection
	GlobalSection(ProjectConfigurationPlatforms) = postSolution
		{6322D026-3BFD-40A9-8237-F822C477AE4B}.Debug|Any CPU.ActiveCfg = Debug|Any CPU
		{6322D026-3BFD-40A9-8237-F822C477AE4B}.Debug|Any CPU.Build.0 = Debug|Any CPU
		{6322D026-3BFD-40A9-8237-F822C477AE4B}.Release|Any CPU.ActiveCfg = Release|Any CPU
		{6322D026-3BFD-40A9-8237-F822C477AE4B}.Release|Any CPU.Build.0 = Release|Any CPU
		{90602CA5-2F25-4D36-B6C9-5B3821F2040E}.Debug|Any CPU.ActiveCfg = Debug|Any CPU
		{90602CA5-2F25-4D36-B6C9-5B3821F2040E}.Debug|Any CPU.Build.0 = Debug|Any CPU
		{90602CA5-2F25-4D36-B6C9-5B3821F2040E}.Release|Any CPU.ActiveCfg = Release|Any CPU
		{90602CA5-2F25-4D36-B6C9-5B3821F2040E}.Release|Any CPU.Build.0 = Release|Any CPU
		{79D17886-43F8-41FB-B33D-FABA3CA5D600}.Debug|Any CPU.ActiveCfg = Debug|Any CPU
		{79D17886-43F8-41FB-B33D-FABA3CA5D600}.Debug|Any CPU.Build.0 = Debug|Any CPU
		{79D17886-43F8-41FB-B33D-FABA3CA5D600}.Release|Any CPU.ActiveCfg = Release|Any CPU
		{79D17886-43F8-41FB-B33D-FABA3CA5D600}.Release|Any CPU.Build.0 = Release|Any CPU
	EndGlobalSection
	GlobalSection(SolutionProperties) = preSolution
		HideSolutionNode = FALSE
	EndGlobalSection
	GlobalSection(ExtensibilityGlobals) = postSolution
		SolutionGuid = {03348A2A-34C8-4C41-B053-88E89D454DA7}
	EndGlobalSection
EndGlobal
